
Microsoft Visual Studio Solution File, Format Version 12.00
# Visual Studio 15
VisualStudioVersion = 15.0.27130.2026
MinimumVisualStudioVersion = 10.0.40219.1
Project("{FAE04EC0-301F-11D3-BF4B-00C04F79EFBC}") = "ObserverPatternHandin", "ObserverPatternHandin\ObserverPatternHandin.csproj", "{07FD58BC-868A-4957-A184-57B4F0F9DEA7}"
EndProject
Global
	GlobalSection(SolutionConfigurationPlatforms) = preSolution
		Debug|Any CPU = Debug|Any CPU
		Release|Any CPU = Release|Any CPU
	EndGlobalSection
	GlobalSection(ProjectConfigurationPlatforms) = postSolution
		{07FD58BC-868A-4957-A184-57B4F0F9DEA7}.Debug|Any CPU.ActiveCfg = Debug|Any CPU
		{07FD58BC-868A-4957-A184-57B4F0F9DEA7}.Debug|Any CPU.Build.0 = Debug|Any CPU
		{07FD58BC-868A-4957-A184-57B4F0F9DEA7}.Release|Any CPU.ActiveCfg = Release|Any CPU
		{07FD58BC-868A-4957-A184-57B4F0F9DEA7}.Release|Any CPU.Build.0 = Release|Any CPU
	EndGlobalSection
	GlobalSection(SolutionProperties) = preSolution
		HideSolutionNode = FALSE
	EndGlobalSection
	GlobalSection(ExtensibilityGlobals) = postSolution
		SolutionGuid = {2D918AB5-39AB-4E90-B338-CC691A89E34E}
	EndGlobalSection
EndGlobal
